
Microsoft Visual Studio Solution File, Format Version 12.00
# Visual Studio Version 16
VisualStudioVersion = 16.0.29403.142
MinimumVisualStudioVersion = 10.0.40219.1
Project("{9A19103F-16F7-4668-BE54-9A1E7A4F7556}") = "MidtermApi", "MidtermApi\MidtermApi.csproj", "{144E5629-4608-4095-A0EA-B5B196833FDF}"
EndProject
Project("{9A19103F-16F7-4668-BE54-9A1E7A4F7556}") = "APIUnitTest", "APIUnitTest\APIUnitTest.csproj", "{3948D4F0-74AD-4329-B806-89A7CCB6B740}"
EndProject
Project("{E53339B2-1760-4266-BCC7-CA923CBCF16C}") = "docker-compose", "docker-compose.dcproj", "{8B63065C-4858-4302-B7B1-6B2044B8902C}"
EndProject
Global
	GlobalSection(SolutionConfigurationPlatforms) = preSolution
		Debug|Any CPU = Debug|Any CPU
		Release|Any CPU = Release|Any CPU
	EndGlobalSection
	GlobalSection(ProjectConfigurationPlatforms) = postSolution
		{144E5629-4608-4095-A0EA-B5B196833FDF}.Debug|Any CPU.ActiveCfg = Debug|Any CPU
		{144E5629-4608-4095-A0EA-B5B196833FDF}.Debug|Any CPU.Build.0 = Debug|Any CPU
		{144E5629-4608-4095-A0EA-B5B196833FDF}.Release|Any CPU.ActiveCfg = Release|Any CPU
		{144E5629-4608-4095-A0EA-B5B196833FDF}.Release|Any CPU.Build.0 = Release|Any CPU
		{3948D4F0-74AD-4329-B806-89A7CCB6B740}.Debug|Any CPU.ActiveCfg = Debug|Any CPU
		{3948D4F0-74AD-4329-B806-89A7CCB6B740}.Debug|Any CPU.Build.0 = Debug|Any CPU
		{3948D4F0-74AD-4329-B806-89A7CCB6B740}.Release|Any CPU.ActiveCfg = Release|Any CPU
		{3948D4F0-74AD-4329-B806-89A7CCB6B740}.Release|Any CPU.Build.0 = Release|Any CPU
		{8B63065C-4858-4302-B7B1-6B2044B8902C}.Debug|Any CPU.ActiveCfg = Debug|Any CPU
		{8B63065C-4858-4302-B7B1-6B2044B8902C}.Debug|Any CPU.Build.0 = Debug|Any CPU
		{8B63065C-4858-4302-B7B1-6B2044B8902C}.Release|Any CPU.ActiveCfg = Release|Any CPU
		{8B63065C-4858-4302-B7B1-6B2044B8902C}.Release|Any CPU.Build.0 = Release|Any CPU
	EndGlobalSection
	GlobalSection(SolutionProperties) = preSolution
		HideSolutionNode = FALSE
	EndGlobalSection
	GlobalSection(ExtensibilityGlobals) = postSolution
		SolutionGuid = {4FC721FD-4EC6-4761-8DBA-B2E4CF25BC31}
	EndGlobalSection
EndGlobal
